
Microsoft Visual Studio Solution File, Format Version 12.00
# Visual Studio Version 16
VisualStudioVersion = 16.0.31320.298
MinimumVisualStudioVersion = 10.0.40219.1
Project("{FAE04EC0-301F-11D3-BF4B-00C04F79EFBC}") = "ParsingExcel", "ParsingExcel.csproj", "{55F54F7C-A5F3-48D4-BF95-9E75BF45E718}"
EndProject
Global
	GlobalSection(SolutionConfigurationPlatforms) = preSolution
		Debug|Any CPU = Debug|Any CPU
		Release|Any CPU = Release|Any CPU
	EndGlobalSection
	GlobalSection(ProjectConfigurationPlatforms) = postSolution
		{55F54F7C-A5F3-48D4-BF95-9E75BF45E718}.Debug|Any CPU.ActiveCfg = Debug|Any CPU
		{55F54F7C-A5F3-48D4-BF95-9E75BF45E718}.Debug|Any CPU.Build.0 = Debug|Any CPU
		{55F54F7C-A5F3-48D4-BF95-9E75BF45E718}.Release|Any CPU.ActiveCfg = Release|Any CPU
		{55F54F7C-A5F3-48D4-BF95-9E75BF45E718}.Release|Any CPU.Build.0 = Release|Any CPU
	EndGlobalSection
	GlobalSection(SolutionProperties) = preSolution
		HideSolutionNode = FALSE
	EndGlobalSection
	GlobalSection(ExtensibilityGlobals) = postSolution
		SolutionGuid = {A89B0685-6B79-4180-9DD1-437D422E2827}
	EndGlobalSection
EndGlobal
